Microsoft Visual Studio Solution File, Format Version 12.00
# Visual Studio Version 17
VisualStudioVersion = 17.5.2.0
MinimumVisualStudioVersion = 10.0.40219.1
Project("{FAE04EC0-301F-11D3-BF4B-00C04F79EFBC}") = "LangVPlayer.Core", "LangVPlayer\LangVPlayer.Core\LangVPlayer.Core.csproj", "{A1B2C3D4-1234-5678-9ABC-DEF012345678}"
EndProject
Project("{FAE04EC0-301F-11D3-BF4B-00C04F79EFBC}") = "LangVPlayer", "LangVPlayer\LangVPlayer.csproj", "{0003280F-15A2-DFED-0CBB-D2FB582F81CA}"
EndProject
Global
	GlobalSection(SolutionConfigurationPlatforms) = preSolution
		Debug|Any CPU = Debug|Any CPU
		Release|Any CPU = Release|Any CPU
	EndGlobalSection
	GlobalSection(ProjectConfigurationPlatforms) = postSolution
		{A1B2C3D4-1234-5678-9ABC-DEF012345678}.Debug|Any CPU.ActiveCfg = Debug|Any CPU
		{A1B2C3D4-1234-5678-9ABC-DEF012345678}.Debug|Any CPU.Build.0 = Debug|Any CPU
		{A1B2C3D4-1234-5678-9ABC-DEF012345678}.Release|Any CPU.ActiveCfg = Release|Any CPU
		{A1B2C3D4-1234-5678-9ABC-DEF012345678}.Release|Any CPU.Build.0 = Release|Any CPU
		{0003280F-15A2-DFED-0CBB-D2FB582F81CA}.Debug|Any CPU.ActiveCfg = Debug|Any CPU
		{0003280F-15A2-DFED-0CBB-D2FB582F81CA}.Debug|Any CPU.Build.0 = Debug|Any CPU
		{0003280F-15A2-DFED-0CBB-D2FB582F81CA}.Release|Any CPU.ActiveCfg = Release|Any CPU
		{0003280F-15A2-DFED-0CBB-D2FB582F81CA}.Release|Any CPU.Build.0 = Release|Any CPU
	EndGlobalSection
	GlobalSection(SolutionProperties) = preSolution
		HideSolutionNode = FALSE
	EndGlobalSection
	GlobalSection(ExtensibilityGlobals) = postSolution
		SolutionGuid = {099E64C3-C630-4A4E-BDCA-DF0292C20D43}
	EndGlobalSection
EndGlobal
